Microsoft Visual Studio Solution File, Format Version 12.00
# Visual Studio Version 16
VisualStudioVersion = 16.0.29509.3
MinimumVisualStudioVersion = 10.0.40219.1
Project("{9A19103F-16F7-4668-BE54-9A1E7A4F7556}") = "easyGrading", "easyGrading\easyGrading.csproj", "{7F1952F1-1814-4DB5-93EC-5E63164C7A9C}"
EndProject
Global
	GlobalSection(SolutionConfigurationPlatforms) = preSolution
		Debug|Any CPU = Debug|Any CPU
		Release|Any CPU = Release|Any CPU
	EndGlobalSection
	GlobalSection(ProjectConfigurationPlatforms) = postSolution
		{7F1952F1-1814-4DB5-93EC-5E63164C7A9C}.Debug|Any CPU.ActiveCfg = Debug|Any CPU
		{7F1952F1-1814-4DB5-93EC-5E63164C7A9C}.Debug|Any CPU.Build.0 = Debug|Any CPU
		{7F1952F1-1814-4DB5-93EC-5E63164C7A9C}.Release|Any CPU.ActiveCfg = Release|Any CPU
		{7F1952F1-1814-4DB5-93EC-5E63164C7A9C}.Release|Any CPU.Build.0 = Release|Any CPU
	EndGlobalSection
	GlobalSection(SolutionProperties) = preSolution
		HideSolutionNode = FALSE
	EndGlobalSection
	GlobalSection(ExtensibilityGlobals) = postSolution
		SolutionGuid = {06CEED58-8D53-4230-A25D-31364C07E619}
	EndGlobalSection
EndGlobal
